
Microsoft Visual Studio Solution File, Format Version 12.00
# Visual Studio Version 16
VisualStudioVersion = 16.0.31005.135
MinimumVisualStudioVersion = 10.0.40219.1
Project("{FAE04EC0-301F-11D3-BF4B-00C04F79EFBC}") = "Connect4WPF", "Connect4WPF\Connect4WPF.csproj", "{B1E35101-B0C3-4B45-882B-66E54309C7AD}"
EndProject
Global
	GlobalSection(SolutionConfigurationPlatforms) = preSolution
		Debug|Any CPU = Debug|Any CPU
		Release|Any CPU = Release|Any CPU
	EndGlobalSection
	GlobalSection(ProjectConfigurationPlatforms) = postSolution
		{B1E35101-B0C3-4B45-882B-66E54309C7AD}.Debug|Any CPU.ActiveCfg = Debug|Any CPU
		{B1E35101-B0C3-4B45-882B-66E54309C7AD}.Debug|Any CPU.Build.0 = Debug|Any CPU
		{B1E35101-B0C3-4B45-882B-66E54309C7AD}.Release|Any CPU.ActiveCfg = Release|Any CPU
		{B1E35101-B0C3-4B45-882B-66E54309C7AD}.Release|Any CPU.Build.0 = Release|Any CPU
	EndGlobalSection
	GlobalSection(SolutionProperties) = preSolution
		HideSolutionNode = FALSE
	EndGlobalSection
	GlobalSection(ExtensibilityGlobals) = postSolution
		SolutionGuid = {0A7CB85F-9D56-4396-9331-0D702923C354}
	EndGlobalSection
EndGlobal
